{
  "requires": true,
  "lockfileVersion": 1,
  "dependencies": {
    "class-transformer": {
      "version": "0.2.3",
      "resolved": "https://registry.npmjs.org/class-transformer/-/class-transformer-0.2.3.tgz",
      "integrity": "sha512-qsP+0xoavpOlJHuYsQJsN58HXSl8Jvveo+T37rEvCEeRfMWoytAyR0Ua/YsFgpM6AZYZ/og2PJwArwzJl1aXtQ=="
    }
  }
}
